// !$*UTF8*$!
{
	archiveVersion = 1;
	classes = {
	};
	objectVersion = 55;
	objects = {

/* Begin PBXBuildFile section */
		2F817CB427F31D6F0080EAEA /* AppDelegate.swift in Sources */ = {isa = PBXBuildFile; fileRef = 2F817CB327F31D6F0080EAEA /* AppDelegate.swift */; };
		2F817CB627F31D6F0080EAEA /* SceneDelegate.swift in Sources */ = {isa = PBXBuildFile; fileRef = 2F817CB527F31D6F0080EAEA /* SceneDelegate.swift */; };
		2F817CB827F31D6F0080EAEA /* FaceLandmarkViewController.swift in Sources */ = {isa = PBXBuildFile; fileRef = 2F817CB727F31D6F0080EAEA /* FaceLandmarkViewController.swift */; };
		2F817CBB27F31D6F0080EAEA /* Main.storyboard in Resources */ = {isa = PBXBuildFile; fileRef = 2F817CB927F31D6F0080EAEA /* Main.storyboard */; };
		2F817CBD27F31D720080EAEA /* Assets.xcassets in Resources */ = {isa = PBXBuildFile; fileRef = 2F817CBC27F31D720080EAEA /* Assets.xcassets */; };
		2F817CC027F31D720080EAEA /* LaunchScreen.storyboard in Resources */ = {isa = PBXBuildFile; fileRef = 2F817CBE27F31D720080EAEA /* LaunchScreen.storyboard */; };
		2F817CCB27F31D720080EAEA /* VeriffITests.swift in Sources */ = {isa = PBXBuildFile; fileRef = 2F817CCA27F31D720080EAEA /* VeriffITests.swift */; };
		2F817CD527F31D720080EAEA /* VeriffIUITests.swift in Sources */ = {isa = PBXBuildFile; fileRef = 2F817CD427F31D720080EAEA /* VeriffIUITests.swift */; };
		2F817CD727F31D720080EAEA /* VeriffIUITestsLaunchTests.swift in Sources */ = {isa = PBXBuildFile; fileRef = 2F817CD627F31D720080EAEA /* VeriffIUITestsLaunchTests.swift */; };
		2F817CE427F408450080EAEA /* ScanDocumentViewController.swift in Sources */ = {isa = PBXBuildFile; fileRef = 2F817CE327F408450080EAEA /* ScanDocumentViewController.swift */; };
		2F817CE627F4085B0080EAEA /* RecognizedTextDataSource.swift in Sources */ = {isa = PBXBuildFile; fileRef = 2F817CE527F4085B0080EAEA /* RecognizedTextDataSource.swift */; };
		2F817CE827F408C80080EAEA /* HomeViewController.swift in Sources */ = {isa = PBXBuildFile; fileRef = 2F817CE727F408C80080EAEA /* HomeViewController.swift */; };
/* End PBXBuildFile section */

/* Begin PBXContainerItemProxy section */
		2F817CC727F31D720080EAEA /* PBXContainerItemProxy */ = {
			isa = PBXContainerItemProxy;
			containerPortal = 2F817CA827F31D6F0080EAEA /* Project object */;
			proxyType = 1;
			remoteGlobalIDString = 2F817CAF27F31D6F0080EAEA;
			remoteInfo = VeriffI;
		};
		2F817CD127F31D720080EAEA /* PBXContainerItemProxy */ = {
			isa = PBXContainerItemProxy;
			containerPortal = 2F817CA827F31D6F0080EAEA /* Project object */;
			proxyType = 1;
			remoteGlobalIDString = 2F817CAF27F31D6F0080EAEA;
			remoteInfo = VeriffI;
		};
/* End PBXContainerItemProxy section */

/* Begin PBXFileReference section */
		2F817CB027F31D6F0080EAEA /* VeriffI.app */ = {isa = PBXFileReference; explicitFileType = wrapper.application; includeInIndex = 0; path = VeriffI.app; sourceTree = BUILT_PRODUCTS_DIR; };
		2F817CB327F31D6F0080EAEA /* AppDelegate.swift */ = {isa = PBXFileReference; lastKnownFileType = sourcecode.swift; path = AppDelegate.swift; sourceTree = "<group>"; };
		2F817CB527F31D6F0080EAEA /* SceneDelegate.swift */ = {isa = PBXFileReference; lastKnownFileType = sourcecode.swift; path = SceneDelegate.swift; sourceTree = "<group>"; };
		2F817CB727F31D6F0080EAEA /* FaceLandmarkViewController.swift */ = {isa = PBXFileReference; lastKnownFileType = sourcecode.swift; path = FaceLandmarkViewController.swift; sourceTree = "<group>"; };
		2F817CBA27F31D6F0080EAEA /* Base */ = {isa = PBXFileReference; lastKnownFileType = file.storyboard; name = Base; path = Base.lproj/Main.storyboard; sourceTree = "<group>"; };
		2F817CBC27F31D720080EAEA /* Assets.xcassets */ = {isa = PBXFileReference; lastKnownFileType = folder.assetcatalog; path = Assets.xcassets; sourceTree = "<group>"; };
		2F817CBF27F31D720080EAEA /* Base */ = {isa = PBXFileReference; lastKnownFileType = file.storyboard; name = Base; path = Base.lproj/LaunchScreen.storyboard; sourceTree = "<group>"; };
		2F817CC127F31D720080EAEA /* Info.plist */ = {isa = PBXFileReference; lastKnownFileType = text.plist.xml; path = Info.plist; sourceTree = "<group>"; };
		2F817CC627F31D720080EAEA /* VeriffITests.xctest */ = {isa = PBXFileReference; explicitFileType = wrapper.cfbundle; includeInIndex = 0; path = VeriffITests.xctest; sourceTree = BUILT_PRODUCTS_DIR; };
		2F817CCA27F31D720080EAEA /* VeriffITests.swift */ = {isa = PBXFileReference; lastKnownFileType = sourcecode.swift; path = VeriffITests.swift; sourceTree = "<group>"; };
		2F817CD027F31D720080EAEA /* VeriffIUITests.xctest */ = {isa = PBXFileReference; explicitFileType = wrapper.cfbundle; includeInIndex = 0; path = VeriffIUITests.xctest; sourceTree = BUILT_PRODUCTS_DIR; };
		2F817CD427F31D720080EAEA /* VeriffIUITests.swift */ = {isa = PBXFileReference; lastKnownFileType = sourcecode.swift; path = VeriffIUITests.swift; sourceTree = "<group>"; };
		2F817CD627F31D720080EAEA /* VeriffIUITestsLaunchTests.swift */ = {isa = PBXFileReference; lastKnownFileType = sourcecode.swift; path = VeriffIUITestsLaunchTests.swift; sourceTree = "<group>"; };
		2F817CE327F408450080EAEA /* ScanDocumentViewController.swift */ = {isa = PBXFileReference; fileEncoding = 4; lastKnownFileType = sourcecode.swift; path = ScanDocumentViewController.swift; sourceTree = "<group>"; };
		2F817CE527F4085B0080EAEA /* RecognizedTextDataSource.swift */ = {isa = PBXFileReference; fileEncoding = 4; lastKnownFileType = sourcecode.swift; path = RecognizedTextDataSource.swift; sourceTree = "<group>"; };
		2F817CE727F408C80080EAEA /* HomeViewController.swift */ = {isa = PBXFileReference; fileEncoding = 4; lastKnownFileType = sourcecode.swift; path = HomeViewController.swift; sourceTree = "<group>"; };
/* End PBXFileReference section */

/* Begin PBXFrameworksBuildPhase section */
		2F817CAD27F31D6F0080EAEA /* Frameworks */ = {
			isa = PBXFrameworksBuildPhase;
			buildActionMask = 2147483647;
			files = (
			);
			runOnlyForDeploymentPostprocessing = 0;
		};
		2F817CC327F31D720080EAEA /* Frameworks */ = {
			isa = PBXFrameworksBuildPhase;
			buildActionMask = 2147483647;
			files = (
			);
			runOnlyForDeploymentPostprocessing = 0;
		};
		2F817CCD27F31D720080EAEA /* Frameworks */ = {
			isa = PBXFrameworksBuildPhase;
			buildActionMask = 2147483647;
			files = (
			);
			runOnlyForDeploymentPostprocessing = 0;
		};
/* End PBXFrameworksBuildPhase section */

/* Begin PBXGroup section */
		2F817CA727F31D6F0080EAEA = {
			isa = PBXGroup;
			children = (
				2F817CB227F31D6F0080EAEA /* VeriffI */,
				2F817CC927F31D720080EAEA /* VeriffITests */,
				2F817CD327F31D720080EAEA /* VeriffIUITests */,
				2F817CB127F31D6F0080EAEA /* Products */,
			);
			sourceTree = "<group>";
		};
		2F817CB127F31D6F0080EAEA /* Products */ = {
			isa = PBXGroup;
			children = (
				2F817CB027F31D6F0080EAEA /* VeriffI.app */,
				2F817CC627F31D720080EAEA /* VeriffITests.xctest */,
				2F817CD027F31D720080EAEA /* VeriffIUITests.xctest */,
			);
			name = Products;
			sourceTree = "<group>";
		};
		2F817CB227F31D6F0080EAEA /* VeriffI */ = {
			isa = PBXGroup;
			children = (
				2F817CB327F31D6F0080EAEA /* AppDelegate.swift */,
				2F817CB527F31D6F0080EAEA /* SceneDelegate.swift */,
				2F817CE727F408C80080EAEA /* HomeViewController.swift */,
				2F817CB727F31D6F0080EAEA /* FaceLandmarkViewController.swift */,
				2F817CE327F408450080EAEA /* ScanDocumentViewController.swift */,
				2F817CE527F4085B0080EAEA /* RecognizedTextDataSource.swift */,
				2F817CB927F31D6F0080EAEA /* Main.storyboard */,
				2F817CBC27F31D720080EAEA /* Assets.xcassets */,
				2F817CBE27F31D720080EAEA /* LaunchScreen.storyboard */,
				2F817CC127F31D720080EAEA /* Info.plist */,
			);
			path = VeriffI;
			sourceTree = "<group>";
		};
		2F817CC927F31D720080EAEA /* VeriffITests */ = {
			isa = PBXGroup;
			children = (
				2F817CCA27F31D720080EAEA /* VeriffITests.swift */,
			);
			path = VeriffITests;
			sourceTree = "<group>";
		};
		2F817CD327F31D720080EAEA /* VeriffIUITests */ = {
			isa = PBXGroup;
			children = (
				2F817CD427F31D720080EAEA /* VeriffIUITests.swift */,
				2F817CD627F31D720080EAEA /* VeriffIUITestsLaunchTests.swift */,
			);
			path = VeriffIUITests;
			sourceTree = "<group>";
		};
/* End PBXGroup section */

/* Begin PBXNativeTarget section */
		2F817CAF27F31D6F0080EAEA /* VeriffI */ = {
			isa = PBXNativeTarget;
			buildConfigurationList = 2F817CDA27F31D720080EAEA /* Build configuration list for PBXNativeTarget "VeriffI" */;
			buildPhases = (
				2F817CAC27F31D6F0080EAEA /* Sources */,
				2F817CAD27F31D6F0080EAEA /* Frameworks */,
				2F817CAE27F31D6F0080EAEA /* Resources */,
			);
			buildRules = (
			);
			dependencies = (
			);
			name = VeriffI;
			productName = VeriffI;
			productReference = 2F817CB027F31D6F0080EAEA /* VeriffI.app */;
			productType = "com.apple.product-type.application";
		};
		2F817CC527F31D720080EAEA /* VeriffITests */ = {
			isa = PBXNativeTarget;
			buildConfigurationList = 2F817CDD27F31D720080EAEA /* Build configuration list for PBXNativeTarget "VeriffITests" */;
			buildPhases = (
				2F817CC227F31D720080EAEA /* Sources */,
				2F817CC327F31D720080EAEA /* Frameworks */,
				2F817CC427F31D720080EAEA /* Resources */,
			);
			buildRules = (
			);
			dependencies = (
				2F817CC827F31D720080EAEA /* PBXTargetDependency */,
			);
			name = VeriffITests;
			productName = VeriffITests;
			productReference = 2F817CC627F31D720080EAEA /* VeriffITests.xctest */;
			productType = "com.apple.product-type.bundle.unit-test";
		};
		2F817CCF27F31D720080EAEA /* VeriffIUITests */ = {
			isa = PBXNativeTarget;
			buildConfigurationList = 2F817CE027F31D720080EAEA /* Build configuration list for PBXNativeTarget "VeriffIUITests" */;
			buildPhases = (
				2F817CCC27F31D720080EAEA /* Sources */,
				2F817CCD27F31D720080EAEA /* Frameworks */,
				2F817CCE27F31D720080EAEA /* Resources */,
			);
			buildRules = (
			);
			dependencies = (
				2F817CD227F31D720080EAEA /* PBXTargetDependency */,
			);
			name = VeriffIUITests;
			productName = VeriffIUITests;
			productReference = 2F817CD027F31D720080EAEA /* VeriffIUITests.xctest */;
			productType = "com.apple.product-type.bundle.ui-testing";
		};
/* End PBXNativeTarget section */

/* Begin PBXProject section */
		2F817CA827F31D6F0080EAEA /* Project object */ = {
			isa = PBXProject;
			attributes = {
				BuildIndependentTargetsInParallel = 1;
				LastSwiftUpdateCheck = 1330;
				LastUpgradeCheck = 1330;
				TargetAttributes = {
					2F817CAF27F31D6F0080EAEA = {
						CreatedOnToolsVersion = 13.3;
					};
					2F817CC527F31D720080EAEA = {
						CreatedOnToolsVersion = 13.3;
						TestTargetID = 2F817CAF27F31D6F0080EAEA;
					};
					2F817CCF27F31D720080EAEA = {
						CreatedOnToolsVersion = 13.3;
						TestTargetID = 2F817CAF27F31D6F0080EAEA;
					};
				};
			};
			buildConfigurationList = 2F817CAB27F31D6F0080EAEA /* Build configuration list for PBXProject "VeriffI" */;
			compatibilityVersion = "Xcode 13.0";
			developmentRegion = en;
			hasScannedForEncodings = 0;
			knownRegions = (
				en,
				Base,
			);
			mainGroup = 2F817CA727F31D6F0080EAEA;
			productRefGroup = 2F817CB127F31D6F0080EAEA /* Products */;
			projectDirPath = "";
			projectRoot = "";
			targets = (
				2F817CAF27F31D6F0080EAEA /* VeriffI */,
				2F817CC527F31D720080EAEA /* VeriffITests */,
				2F817CCF27F31D720080EAEA /* VeriffIUITests */,
			);
		};
/* End PBXProject section */

/* Begin PBXResourcesBuildPhase section */
		2F817CAE27F31D6F0080EAEA /* Resources */ = {
			isa = PBXResourcesBuildPhase;
			buildActionMask = 2147483647;
			files = (
				2F817CC027F31D720080EAEA /* LaunchScreen.storyboard in Resources */,
				2F817CBD27F31D720080EAEA /* Assets.xcassets in Resources */,
				2F817CBB27F31D6F0080EAEA /* Main.storyboard in Resources */,
			);
			runOnlyForDeploymentPostprocessing = 0;
		};
		2F817CC427F31D720080EAEA /* Resources */ = {
			isa = PBXResourcesBuildPhase;
			buildActionMask = 2147483647;
			files = (
			);
			runOnlyForDeploymentPostprocessing = 0;
		};
		2F817CCE27F31D720080EAEA /* Resources */ = {
			isa = PBXResourcesBuildPhase;
			buildActionMask = 2147483647;
			files = (
			);
			runOnlyForDeploymentPostprocessing = 0;
		};
/* End PBXResourcesBuildPhase section */

/* Begin PBXSourcesBuildPhase section */
		2F817CAC27F31D6F0080EAEA /* Sources */ = {
			isa = PBXSourcesBuildPhase;
			buildActionMask = 2147483647;
			files = (
				2F817CB827F31D6F0080EAEA /* FaceLandmarkViewController.swift in Sources */,
				2F817CE427F408450080EAEA /* ScanDocumentViewController.swift in Sources */,
				2F817CE827F408C80080EAEA /* HomeViewController.swift in Sources */,
				2F817CB427F31D6F0080EAEA /* AppDelegate.swift in Sources */,
				2F817CB627F31D6F0080EAEA /* SceneDelegate.swift in Sources */,
				2F817CE627F4085B0080EAEA /* RecognizedTextDataSource.swift in Sources */,
			);
			runOnlyForDeploymentPostprocessing = 0;
		};
		2F817CC227F31D720080EAEA /* Sources */ = {
			isa = PBXSourcesBuildPhase;
			buildActionMask = 2147483647;
			files = (
				2F817CCB27F31D720080EAEA /* VeriffITests.swift in Sources */,
			);
			runOnlyForDeploymentPostprocessing = 0;
		};
		2F817CCC27F31D720080EAEA /* Sources */ = {
			isa = PBXSourcesBuildPhase;
			buildActionMask = 2147483647;
			files = (
				2F817CD727F31D720080EAEA /* VeriffIUITestsLaunchTests.swift in Sources */,
				2F817CD527F31D720080EAEA /* VeriffIUITests.swift in Sources */,
			);
			runOnlyForDeploymentPostprocessing = 0;
		};
/* End PBXSourcesBuildPhase section */

/* Begin PBXTargetDependency section */
		2F817CC827F31D720080EAEA /* PBXTargetDependency */ = {
			isa = PBXTargetDependency;
			target = 2F817CAF27F31D6F0080EAEA /* VeriffI */;
			targetProxy = 2F817CC727F31D720080EAEA /* PBXContainerItemProxy */;
		};
		2F817CD227F31D720080EAEA /* PBXTargetDependency */ = {
			isa = PBXTargetDependency;
			target = 2F817CAF27F31D6F0080EAEA /* VeriffI */;
			targetProxy = 2F817CD127F31D720080EAEA /* PBXContainerItemProxy */;
		};
/* End PBXTargetDependency section */

/* Begin PBXVariantGroup section */
		2F817CB927F31D6F0080EAEA /* Main.storyboard */ = {
			isa = PBXVariantGroup;
			children = (
				2F817CBA27F31D6F0080EAEA /* Base */,
			);
			name = Main.storyboard;
			sourceTree = "<group>";
		};
		2F817CBE27F31D720080EAEA /* LaunchScreen.storyboard */ = {
			isa = PBXVariantGroup;
			children = (
				2F817CBF27F31D720080EAEA /* Base */,
			);
			name = LaunchScreen.storyboard;
			sourceTree = "<group>";
		};
/* End PBXVariantGroup section */

/* Begin XCBuildConfiguration section */
		2F817CD827F31D720080EAEA /* Debug */ = {
			isa = XCBuildConfiguration;
			buildSettings = {
				ALWAYS_SEARCH_USER_PATHS = NO;
				CLANG_ANALYZER_NONNULL = YES;
				CLANG_ANALYZER_NUMBER_OBJECT_CONVERSION = YES_AGGRESSIVE;
				CLANG_CXX_LANGUAGE_STANDARD = "gnu++17";
				CLANG_ENABLE_MODULES = YES;
				CLANG_ENABLE_OBJC_ARC = YES;
				CLANG_ENABLE_OBJC_WEAK = YES;
				CLANG_WARN_BLOCK_CAPTURE_AUTORELEASING = YES;
				CLANG_WARN_BOOL_CONVERSION = YES;
				CLANG_WARN_COMMA = YES;
				CLANG_WARN_CONSTANT_CONVERSION = YES;
				CLANG_WARN_DEPRECATED_OBJC_IMPLEMENTATIONS = YES;
				CLANG_WARN_DIRECT_OBJC_ISA_USAGE = YES_ERROR;
				CLANG_WARN_DOCUMENTATION_COMMENTS = YES;
				CLANG_WARN_EMPTY_BODY = YES;
				CLANG_WARN_ENUM_CONVERSION = YES;
				CLANG_WARN_INFINITE_RECURSION = YES;
				CLANG_WARN_INT_CONVERSION = YES;
				CLANG_WARN_NON_LITERAL_NULL_CONVERSION = YES;
				CLANG_WARN_OBJC_IMPLICIT_RETAIN_SELF = YES;
				CLANG_WARN_OBJC_LITERAL_CONVERSION = YES;
				CLANG_WARN_OBJC_ROOT_CLASS = YES_ERROR;
				CLANG_WARN_QUOTED_INCLUDE_IN_FRAMEWORK_HEADER = YES;
				CLANG_WARN_RANGE_LOOP_ANALYSIS = YES;
				CLANG_WARN_STRICT_PROTOTYPES = YES;
				CLANG_WARN_SUSPICIOUS_MOVE = YES;
				CLANG_WARN_UNGUARDED_AVAILABILITY = YES_AGGRESSIVE;
				CLANG_WARN_UNREACHABLE_CODE = YES;
				CLANG_WARN__DUPLICATE_METHOD_MATCH = YES;
				COPY_PHASE_STRIP = NO;
				DEBUG_INFORMATION_FORMAT = dwarf;
				ENABLE_STRICT_OBJC_MSGSEND = YES;
				ENABLE_TESTABILITY = YES;
				GCC_C_LANGUAGE_STANDARD = gnu11;
				GCC_DYNAMIC_NO_PIC = NO;
				GCC_NO_COMMON_BLOCKS = YES;
				GCC_OPTIMIZATION_LEVEL = 0;
				GCC_PREPROCESSOR_DEFINITIONS = (
					"DEBUG=1",
					"$(inherited)",
				);
				GCC_WARN_64_TO_32_BIT_CONVERSION = YES;
				GCC_WARN_ABOUT_RETURN_TYPE = YES_ERROR;
				GCC_WARN_UNDECLARED_SELECTOR = YES;
				GCC_WARN_UNINITIALIZED_AUTOS = YES_AGGRESSIVE;
				GCC_WARN_UNUSED_FUNCTION = YES;
				GCC_WARN_UNUSED_VARIABLE = YES;
				IPHONEOS_DEPLOYMENT_TARGET = 15.4;
				MTL_ENABLE_DEBUG_INFO = INCLUDE_SOURCE;
				MTL_FAST_MATH = YES;
				ONLY_ACTIVE_ARCH = YES;
				SDKROOT = iphoneos;
				SWIFT_ACTIVE_COMPILATION_CONDITIONS = DEBUG;
				SWIFT_OPTIMIZATION_LEVEL = "-Onone";
			};
			name = Debug;
		};
		2F817CD927F31D720080EAEA /* Release */ = {
			isa = XCBuildConfiguration;
			buildSettings = {
				ALWAYS_SEARCH_USER_PATHS = NO;
				CLANG_ANALYZER_NONNULL = YES;
				CLANG_ANALYZER_NUMBER_OBJECT_CONVERSION = YES_AGGRESSIVE;
				CLANG_CXX_LANGUAGE_STANDARD = "gnu++17";
				CLANG_ENABLE_MODULES = YES;
				CLANG_ENABLE_OBJC_ARC = YES;
				CLANG_ENABLE_OBJC_WEAK = YES;
				CLANG_WARN_BLOCK_CAPTURE_AUTORELEASING = YES;
				CLANG_WARN_BOOL_CONVERSION = YES;
				CLANG_WARN_COMMA = YES;
				CLANG_WARN_CONSTANT_CONVERSION = YES;
				CLANG_WARN_DEPRECATED_OBJC_IMPLEMENTATIONS = YES;
				CLANG_WARN_DIRECT_OBJC_ISA_USAGE = YES_ERROR;
				CLANG_WARN_DOCUMENTATION_COMMENTS = YES;
				CLANG_WARN_EMPTY_BODY = YES;
				CLANG_WARN_ENUM_CONVERSION = YES;
				CLANG_WARN_INFINITE_RECURSION = YES;
				CLANG_WARN_INT_CONVERSION = YES;
				CLANG_WARN_NON_LITERAL_NULL_CONVERSION = YES;
				CLANG_WARN_OBJC_IMPLICIT_RETAIN_SELF = YES;
				CLANG_WARN_OBJC_LITERAL_CONVERSION = YES;
				CLANG_WARN_OBJC_ROOT_CLASS = YES_ERROR;
				CLANG_WARN_QUOTED_INCLUDE_IN_FRAMEWORK_HEADER = YES;
				CLANG_WARN_RANGE_LOOP_ANALYSIS = YES;
				CLANG_WARN_STRICT_PROTOTYPES = YES;
				CLANG_WARN_SUSPICIOUS_MOVE = YES;
				CLANG_WARN_UNGUARDED_AVAILABILITY = YES_AGGRESSIVE;
				CLANG_WARN_UNREACHABLE_CODE = YES;
				CLANG_WARN__DUPLICATE_METHOD_MATCH = YES;
				COPY_PHASE_STRIP = NO;
				DEBUG_INFORMATION_FORMAT = "dwarf-with-dsym";
				ENABLE_NS_ASSERTIONS = NO;
				ENABLE_STRICT_OBJC_MSGSEND = YES;
				GCC_C_LANGUAGE_STANDARD = gnu11;
				GCC_NO_COMMON_BLOCKS = YES;
				GCC_WARN_64_TO_32_BIT_CONVERSION = YES;
				GCC_WARN_ABOUT_RETURN_TYPE = YES_ERROR;
				GCC_WARN_UNDECLARED_SELECTOR = YES;
				GCC_WARN_UNINITIALIZED_AUTOS = YES_AGGRESSIVE;
				GCC_WARN_UNUSED_FUNCTION = YES;
				GCC_WARN_UNUSED_VARIABLE = YES;
				IPHONEOS_DEPLOYMENT_TARGET = 15.4;
				MTL_ENABLE_DEBUG_INFO = NO;
				MTL_FAST_MATH = YES;
				SDKROOT = iphoneos;
				SWIFT_COMPILATION_MODE = wholemodule;
				SWIFT_OPTIMIZATION_LEVEL = "-O";
				VALIDATE_PRODUCT = YES;
			};
			name = Release;
		};
		2F817CDB27F31D720080EAEA /* Debug */ = {
			isa = XCBuildConfiguration;
			buildSettings = {
				ASSETCATALOG_COMPILER_APPICON_NAME = AppIcon;
				ASSETCATALOG_COMPILER_GLOBAL_ACCENT_COLOR_NAME = AccentColor;
				CODE_SIGN_STYLE = Automatic;
				CURRENT_PROJECT_VERSION = 1;
				DEVELOPMENT_TEAM = 3G54NEN3F6;
				GENERATE_INFOPLIST_FILE = YES;
				INFOPLIST_FILE = VeriffI/Info.plist;
				INFOPLIST_KEY_UIApplicationSupportsIndirectInputEvents = YES;
				INFOPLIST_KEY_UILaunchStoryboardName = LaunchScreen;
				INFOPLIST_KEY_UIMainStoryboardFile = Main;
				INFOPLIST_KEY_UISupportedInterfaceOrientations_iPad = "UIInterfaceOrientationPortrait UIInterfaceOrientationPortraitUpsideDown UIInterfaceOrientationLandscapeLeft UIInterfaceOrientationLandscapeRight";
				INFOPLIST_KEY_UISupportedInterfaceOrientations_iPhone = "UIInterfaceOrientationPortrait UIInterfaceOrientationLandscapeLeft UIInterfaceOrientationLandscapeRight";
				LD_RUNPATH_SEARCH_PATHS = (
					"$(inherited)",
					"@executable_path/Frameworks",
				);
				MARKETING_VERSION = 1.0;
				PRODUCT_BUNDLE_IDENTIFIER = com.anapp4that.VeriffI;
				PRODUCT_NAME = "$(TARGET_NAME)";
				SWIFT_EMIT_LOC_STRINGS = YES;
				SWIFT_VERSION = 5.0;
				TARGETED_DEVICE_FAMILY = "1,2";
			};
			name = Debug;
		};
		2F817CDC27F31D720080EAEA /* Release */ = {
			isa = XCBuildConfiguration;
			buildSettings = {
				ASSETCATALOG_COMPILER_APPICON_NAME = AppIcon;
				ASSETCATALOG_COMPILER_GLOBAL_ACCENT_COLOR_NAME = AccentColor;
				CODE_SIGN_STYLE = Automatic;
				CURRENT_PROJECT_VERSION = 1;
				DEVELOPMENT_TEAM = 3G54NEN3F6;
				GENERATE_INFOPLIST_FILE = YES;
				INFOPLIST_FILE = VeriffI/Info.plist;
				INFOPLIST_KEY_UIApplicationSupportsIndirectInputEvents = YES;
				INFOPLIST_KEY_UILaunchStoryboardName = LaunchScreen;
				INFOPLIST_KEY_UIMainStoryboardFile = Main;
				INFOPLIST_KEY_UISupportedInterfaceOrientations_iPad = "UIInterfaceOrientationPortrait UIInterfaceOrientationPortraitUpsideDown UIInterfaceOrientationLandscapeLeft UIInterfaceOrientationLandscapeRight";
				INFOPLIST_KEY_UISupportedInterfaceOrientations_iPhone = "UIInterfaceOrientationPortrait UIInterfaceOrientationLandscapeLeft UIInterfaceOrientationLandscapeRight";
				LD_RUNPATH_SEARCH_PATHS = (
					"$(inherited)",
					"@executable_path/Frameworks",
				);
				MARKETING_VERSION = 1.0;
				PRODUCT_BUNDLE_IDENTIFIER = com.anapp4that.VeriffI;
				PRODUCT_NAME = "$(TARGET_NAME)";
				SWIFT_EMIT_LOC_STRINGS = YES;
				SWIFT_VERSION = 5.0;
				TARGETED_DEVICE_FAMILY = "1,2";
			};
			name = Release;
		};
		2F817CDE27F31D720080EAEA /* Debug */ = {
			isa = XCBuildConfiguration;
			buildSettings = {
				ALWAYS_EMBED_SWIFT_STANDARD_LIBRARIES = YES;
				BUNDLE_LOADER = "$(TEST_HOST)";
				CODE_SIGN_STYLE = Automatic;
				CURRENT_PROJECT_VERSION = 1;
				DEVELOPMENT_TEAM = 3G54NEN3F6;
				GENERATE_INFOPLIST_FILE = YES;
				IPHONEOS_DEPLOYMENT_TARGET = 15.4;
				MARKETING_VERSION = 1.0;
				PRODUCT_BUNDLE_IDENTIFIER = com.anapp4that.VeriffITests;
				PRODUCT_NAME = "$(TARGET_NAME)";
				SWIFT_EMIT_LOC_STRINGS = NO;
				SWIFT_VERSION = 5.0;
				TARGETED_DEVICE_FAMILY = "1,2";
				TEST_HOST = "$(BUILT_PRODUCTS_DIR)/VeriffI.app/VeriffI";
			};
			name = Debug;
		};
		2F817CDF27F31D720080EAEA /* Release */ = {
			isa = XCBuildConfiguration;
			buildSettings = {
				ALWAYS_EMBED_SWIFT_STANDARD_LIBRARIES = YES;
				BUNDLE_LOADER = "$(TEST_HOST)";
				CODE_SIGN_STYLE = Automatic;
				CURRENT_PROJECT_VERSION = 1;
				DEVELOPMENT_TEAM = 3G54NEN3F6;
				GENERATE_INFOPLIST_FILE = YES;
				IPHONEOS_DEPLOYMENT_TARGET = 15.4;
				MARKETING_VERSION = 1.0;
				PRODUCT_BUNDLE_IDENTIFIER = com.anapp4that.VeriffITests;
				PRODUCT_NAME = "$(TARGET_NAME)";
				SWIFT_EMIT_LOC_STRINGS = NO;
				SWIFT_VERSION = 5.0;
				TARGETED_DEVICE_FAMILY = "1,2";
				TEST_HOST = "$(BUILT_PRODUCTS_DIR)/VeriffI.app/VeriffI";
			};
			name = Release;
		};
		2F817CE127F31D720080EAEA /* Debug */ = {
			isa = XCBuildConfiguration;
			buildSettings = {
				ALWAYS_EMBED_SWIFT_STANDARD_LIBRARIES = YES;
				CODE_SIGN_STYLE = Automatic;
				CURRENT_PROJECT_VERSION = 1;
				DEVELOPMENT_TEAM = 3G54NEN3F6;
				GENERATE_INFOPLIST_FILE = YES;
				MARKETING_VERSION = 1.0;
				PRODUCT_BUNDLE_IDENTIFIER = com.anapp4that.VeriffIUITests;
				PRODUCT_NAME = "$(TARGET_NAME)";
				SWIFT_EMIT_LOC_STRINGS = NO;
				SWIFT_VERSION = 5.0;
				TARGETED_DEVICE_FAMILY = "1,2";
				TEST_TARGET_NAME = VeriffI;
			};
			name = Debug;
		};
		2F817CE227F31D720080EAEA /* Release */ = {
			isa = XCBuildConfiguration;
			buildSettings = {
				ALWAYS_EMBED_SWIFT_STANDARD_LIBRARIES = YES;
				CODE_SIGN_STYLE = Automatic;
				CURRENT_PROJECT_VERSION = 1;
				DEVELOPMENT_TEAM = 3G54NEN3F6;
				GENERATE_INFOPLIST_FILE = YES;
				MARKETING_VERSION = 1.0;
				PRODUCT_BUNDLE_IDENTIFIER = com.anapp4that.VeriffIUITests;
				PRODUCT_NAME = "$(TARGET_NAME)";
				SWIFT_EMIT_LOC_STRINGS = NO;
				SWIFT_VERSION = 5.0;
				TARGETED_DEVICE_FAMILY = "1,2";
				TEST_TARGET_NAME = VeriffI;
			};
			name = Release;
		};
/* End XCBuildConfiguration section */

/* Begin XCConfigurationList section */
		2F817CAB27F31D6F0080EAEA /* Build configuration list for PBXProject "VeriffI" */ = {
			isa = XCConfigurationList;
			buildConfigurations = (
				2F817CD827F31D720080EAEA /* Debug */,
				2F817CD927F31D720080EAEA /* Release */,
			);
			defaultConfigurationIsVisible = 0;
			defaultConfigurationName = Release;
		};
		2F817CDA27F31D720080EAEA /* Build configuration list for PBXNativeTarget "VeriffI" */ = {
			isa = XCConfigurationList;
			buildConfigurations = (
				2F817CDB27F31D720080EAEA /* Debug */,
				2F817CDC27F31D720080EAEA /* Release */,
			);
			defaultConfigurationIsVisible = 0;
			defaultConfigurationName = Release;
		};
		2F817CDD27F31D720080EAEA /* Build configuration list for PBXNativeTarget "VeriffITests" */ = {
			isa = XCConfigurationList;
			buildConfigurations = (
				2F817CDE27F31D720080EAEA /* Debug */,
				2F817CDF27F31D720080EAEA /* Release */,
			);
			defaultConfigurationIsVisible = 0;
			defaultConfigurationName = Release;
		};
		2F817CE027F31D720080EAEA /* Build configuration list for PBXNativeTarget "VeriffIUITests" */ = {
			isa = XCConfigurationList;
			buildConfigurations = (
				2F817CE127F31D720080EAEA /* Debug */,
				2F817CE227F31D720080EAEA /* Release */,
			);
			defaultConfigurationIsVisible = 0;
			defaultConfigurationName = Release;
		};
/* End XCConfigurationList section */
	};
	rootObject = 2F817CA827F31D6F0080EAEA /* Project object */;
}
